
Microsoft Visual Studio Solution File, Format Version 12.00
# Visual Studio Version 17
VisualStudioVersion = 17.8.34525.116
MinimumVisualStudioVersion = 10.0.40219.1
Project("{9A19103F-16F7-4668-BE54-9A1E7A4F7556}") = "DesktopBankUI", "DesktopBankUI.csproj", "{6C76E8F9-9332-43FD-8D17-57E94A378F62}"
EndProject
Project("{9A19103F-16F7-4668-BE54-9A1E7A4F7556}") = "DesktopBank.Entities", "..\DesktopBank.Entities\DesktopBank.Entities.csproj", "{276CE156-CD9B-4B09-9DDC-8A2F5F74B3B4}"
EndProject
Project("{9A19103F-16F7-4668-BE54-9A1E7A4F7556}") = "DesktopBank.Services", "..\DesktopBank.Services\DesktopBank.Services.csproj", "{EBABAF65-134D-4ABE-AF69-23A42622F306}"
	ProjectSection(ProjectDependencies) = postProject
		{276CE156-CD9B-4B09-9DDC-8A2F5F74B3B4} = {276CE156-CD9B-4B09-9DDC-8A2F5F74B3B4}
		{6C76E8F9-9332-43FD-8D17-57E94A378F62} = {6C76E8F9-9332-43FD-8D17-57E94A378F62}
	EndProjectSection
EndProject
Project("{9A19103F-16F7-4668-BE54-9A1E7A4F7556}") = "DesktopBank.DAL", "..\DesktopBank.DAL\DesktopBank.DAL.csproj", "{D9307D2B-2FC3-4997-9778-B2434CD79FAC}"
EndProject
Project("{2150E333-8FDC-42A3-9474-1A3956D46DE8}") = "DataLayer", "DataLayer", "{0800608C-95C9-4EA4-8C8D-368B74AF9DDA}"
EndProject
Project("{2150E333-8FDC-42A3-9474-1A3956D46DE8}") = "Entities", "Entities", "{8D686FFA-F058-4017-A423-8D1BF5FE46AD}"
	ProjectSection(SolutionItems) = preProject
		..\DesktopBank.DAL\DBSettings.cs = ..\DesktopBank.DAL\DBSettings.cs
	EndProjectSection
EndProject
Project("{2150E333-8FDC-42A3-9474-1A3956D46DE8}") = "Services", "Services", "{A2632D94-E710-48EF-96CD-65CC45997D00}"
EndProject
Project("{2150E333-8FDC-42A3-9474-1A3956D46DE8}") = "User Interface", "User Interface", "{33EDC9CC-7452-40C6-8070-7FCC69FE1FEE}"
EndProject
Global
	GlobalSection(SolutionConfigurationPlatforms) = preSolution
		Debug|Any CPU = Debug|Any CPU
		Release|Any CPU = Release|Any CPU
	EndGlobalSection
	GlobalSection(ProjectConfigurationPlatforms) = postSolution
		{6C76E8F9-9332-43FD-8D17-57E94A378F62}.Debug|Any CPU.ActiveCfg = Debug|Any CPU
		{6C76E8F9-9332-43FD-8D17-57E94A378F62}.Debug|Any CPU.Build.0 = Debug|Any CPU
		{6C76E8F9-9332-43FD-8D17-57E94A378F62}.Release|Any CPU.ActiveCfg = Release|Any CPU
		{6C76E8F9-9332-43FD-8D17-57E94A378F62}.Release|Any CPU.Build.0 = Release|Any CPU
		{276CE156-CD9B-4B09-9DDC-8A2F5F74B3B4}.Debug|Any CPU.ActiveCfg = Debug|Any CPU
		{276CE156-CD9B-4B09-9DDC-8A2F5F74B3B4}.Debug|Any CPU.Build.0 = Debug|Any CPU
		{276CE156-CD9B-4B09-9DDC-8A2F5F74B3B4}.Release|Any CPU.ActiveCfg = Release|Any CPU
		{276CE156-CD9B-4B09-9DDC-8A2F5F74B3B4}.Release|Any CPU.Build.0 = Release|Any CPU
		{EBABAF65-134D-4ABE-AF69-23A42622F306}.Debug|Any CPU.ActiveCfg = Debug|Any CPU
		{EBABAF65-134D-4ABE-AF69-23A42622F306}.Debug|Any CPU.Build.0 = Debug|Any CPU
		{EBABAF65-134D-4ABE-AF69-23A42622F306}.Release|Any CPU.ActiveCfg = Release|Any CPU
		{EBABAF65-134D-4ABE-AF69-23A42622F306}.Release|Any CPU.Build.0 = Release|Any CPU
		{D9307D2B-2FC3-4997-9778-B2434CD79FAC}.Debug|Any CPU.ActiveCfg = Debug|Any CPU
		{D9307D2B-2FC3-4997-9778-B2434CD79FAC}.Debug|Any CPU.Build.0 = Debug|Any CPU
		{D9307D2B-2FC3-4997-9778-B2434CD79FAC}.Release|Any CPU.ActiveCfg = Release|Any CPU
		{D9307D2B-2FC3-4997-9778-B2434CD79FAC}.Release|Any CPU.Build.0 = Release|Any CPU
	EndGlobalSection
	GlobalSection(SolutionProperties) = preSolution
		HideSolutionNode = FALSE
	EndGlobalSection
	GlobalSection(NestedProjects) = preSolution
		{6C76E8F9-9332-43FD-8D17-57E94A378F62} = {33EDC9CC-7452-40C6-8070-7FCC69FE1FEE}
		{276CE156-CD9B-4B09-9DDC-8A2F5F74B3B4} = {8D686FFA-F058-4017-A423-8D1BF5FE46AD}
		{EBABAF65-134D-4ABE-AF69-23A42622F306} = {A2632D94-E710-48EF-96CD-65CC45997D00}
		{D9307D2B-2FC3-4997-9778-B2434CD79FAC} = {0800608C-95C9-4EA4-8C8D-368B74AF9DDA}
	EndGlobalSection
	GlobalSection(ExtensibilityGlobals) = postSolution
		SolutionGuid = {1893A2FD-81A3-4D1B-9F01-1F2D788555EC}
	EndGlobalSection
EndGlobal
