
Microsoft Visual Studio Solution File, Format Version 12.00
# Visual Studio Version 17
VisualStudioVersion = 17.8.34525.116
MinimumVisualStudioVersion = 10.0.40219.1
Project("{FAE04EC0-301F-11D3-BF4B-00C04F79EFBC}") = "DesktopBankWF", "DesktopBankWF.csproj", "{F4D8919E-2D4E-4D45-B739-1DC3B41CA8F3}"
EndProject
Global
	GlobalSection(SolutionConfigurationPlatforms) = preSolution
		Debug|Any CPU = Debug|Any CPU
		Release|Any CPU = Release|Any CPU
	EndGlobalSection
	GlobalSection(ProjectConfigurationPlatforms) = postSolution
		{F4D8919E-2D4E-4D45-B739-1DC3B41CA8F3}.Debug|Any CPU.ActiveCfg = Debug|Any CPU
		{F4D8919E-2D4E-4D45-B739-1DC3B41CA8F3}.Debug|Any CPU.Build.0 = Debug|Any CPU
		{F4D8919E-2D4E-4D45-B739-1DC3B41CA8F3}.Release|Any CPU.ActiveCfg = Release|Any CPU
		{F4D8919E-2D4E-4D45-B739-1DC3B41CA8F3}.Release|Any CPU.Build.0 = Release|Any CPU
	EndGlobalSection
	GlobalSection(SolutionProperties) = preSolution
		HideSolutionNode = FALSE
	EndGlobalSection
	GlobalSection(ExtensibilityGlobals) = postSolution
		SolutionGuid = {C6074688-0445-40A0-8CA7-5BEFC7A52DD0}
	EndGlobalSection
EndGlobal
